// !$*UTF8*$!
{
	archiveVersion = 1;
	classes = {
	};
	objectVersion = 77;
	objects = {

/* Begin PBXBuildFile section */
		DA9115D42E9F9BCD004647ED /* ResponseDetective in Frameworks */ = {isa = PBXBuildFile; productRef = DA9115D32E9F9BCD004647ED /* ResponseDetective */; };
/* End PBXBuildFile section */

/* Begin PBXContainerItemProxy section */
		5FDA0BBD2E944595000DEE8F /* PBXContainerItemProxy */ = {
			isa = PBXContainerItemProxy;
			containerPortal = 5FDA0BA42E944593000DEE8F /* Project object */;
			proxyType = 1;
			remoteGlobalIDString = 5FDA0BAB2E944593000DEE8F;
			remoteInfo = weatherly;
		};
		5FDA0BC72E944595000DEE8F /* PBXContainerItemProxy */ = {
			isa = PBXContainerItemProxy;
			containerPortal = 5FDA0BA42E944593000DEE8F /* Project object */;
			proxyType = 1;
			remoteGlobalIDString = 5FDA0BAB2E944593000DEE8F;
			remoteInfo = weatherly;
		};
/* End PBXContainerItemProxy section */

/* Begin PBXFileReference section */
		5FDA0BAC2E944593000DEE8F /* weatherly.app */ = {isa = PBXFileReference; explicitFileType = wrapper.application; includeInIndex = 0; path = weatherly.app; sourceTree = BUILT_PRODUCTS_DIR; };
		5FDA0BBC2E944595000DEE8F /* weatherlyTests.xctest */ = {isa = PBXFileReference; explicitFileType = wrapper.cfbundle; includeInIndex = 0; path = weatherlyTests.xctest; sourceTree = BUILT_PRODUCTS_DIR; };
		5FDA0BC62E944595000DEE8F /* weatherlyUITests.xctest */ = {isa = PBXFileReference; explicitFileType = wrapper.cfbundle; includeInIndex = 0; path = weatherlyUITests.xctest; sourceTree = BUILT_PRODUCTS_DIR; };
/* End PBXFileReference section */

/* Begin PBXFileSystemSynchronizedRootGroup section */
		5FDA0BAE2E944593000DEE8F /* weatherly */ = {
			isa = PBXFileSystemSynchronizedRootGroup;
			path = weatherly;
			sourceTree = "<group>";
		};
		5FDA0BBF2E944595000DEE8F /* weatherlyTests */ = {
			isa = PBXFileSystemSynchronizedRootGroup;
			path = weatherlyTests;
			sourceTree = "<group>";
		};
		5FDA0BC92E944595000DEE8F /* weatherlyUITests */ = {
			isa = PBXFileSystemSynchronizedRootGroup;
			path = weatherlyUITests;
			sourceTree = "<group>";
		};
/* End PBXFileSystemSynchronizedRootGroup section */

/* Begin PBXFrameworksBuildPhase section */
		5FDA0BA92E944593000DEE8F /* Frameworks */ = {
			isa = PBXFrameworksBuildPhase;
			buildActionMask = 2147483647;
			files = (
				DA9115D42E9F9BCD004647ED /* ResponseDetective in Frameworks */,
			);
			runOnlyForDeploymentPostprocessing = 0;
		};
		5FDA0BB92E944595000DEE8F /* Frameworks */ = {
			isa = PBXFrameworksBuildPhase;
			buildActionMask = 2147483647;
			files = (
			);
			runOnlyForDeploymentPostprocessing = 0;
		};
		5FDA0BC32E944595000DEE8F /* Frameworks */ = {
			isa = PBXFrameworksBuildPhase;
			buildActionMask = 2147483647;
			files = (
			);
			runOnlyForDeploymentPostprocessing = 0;
		};
/* End PBXFrameworksBuildPhase section */

/* Begin PBXGroup section */
		5FDA0BA32E944593000DEE8F = {
			isa = PBXGroup;
			children = (
				5FDA0BAE2E944593000DEE8F /* weatherly */,
				5FDA0BBF2E944595000DEE8F /* weatherlyTests */,
				5FDA0BC92E944595000DEE8F /* weatherlyUITests */,
				5FDA0BAD2E944593000DEE8F /* Products */,
			);
			sourceTree = "<group>";
		};
		5FDA0BAD2E944593000DEE8F /* Products */ = {
			isa = PBXGroup;
			children = (
				5FDA0BAC2E944593000DEE8F /* weatherly.app */,
				5FDA0BBC2E944595000DEE8F /* weatherlyTests.xctest */,
				5FDA0BC62E944595000DEE8F /* weatherlyUITests.xctest */,
			);
			name = Products;
			sourceTree = "<group>";
		};
/* End PBXGroup section */

/* Begin PBXNativeTarget section */
		5FDA0BAB2E944593000DEE8F /* weatherly */ = {
			isa = PBXNativeTarget;
			buildConfigurationList = 5FDA0BD02E944595000DEE8F /* Build configuration list for PBXNativeTarget "weatherly" */;
			buildPhases = (
				5FDA0BA82E944593000DEE8F /* Sources */,
				5FDA0BA92E944593000DEE8F /* Frameworks */,
				5FDA0BAA2E944593000DEE8F /* Resources */,
			);
			buildRules = (
			);
			dependencies = (
			);
			fileSystemSynchronizedGroups = (
				5FDA0BAE2E944593000DEE8F /* weatherly */,
			);
			name = weatherly;
			packageProductDependencies = (
				DA9115D32E9F9BCD004647ED /* ResponseDetective */,
			);
			productName = weatherly;
			productReference = 5FDA0BAC2E944593000DEE8F /* weatherly.app */;
			productType = "com.apple.product-type.application";
		};
		5FDA0BBB2E944595000DEE8F /* weatherlyTests */ = {
			isa = PBXNativeTarget;
			buildConfigurationList = 5FDA0BD32E944595000DEE8F /* Build configuration list for PBXNativeTarget "weatherlyTests" */;
			buildPhases = (
				5FDA0BB82E944595000DEE8F /* Sources */,
				5FDA0BB92E944595000DEE8F /* Frameworks */,
				5FDA0BBA2E944595000DEE8F /* Resources */,
			);
			buildRules = (
			);
			dependencies = (
				5FDA0BBE2E944595000DEE8F /* PBXTargetDependency */,
			);
			fileSystemSynchronizedGroups = (
				5FDA0BBF2E944595000DEE8F /* weatherlyTests */,
			);
			name = weatherlyTests;
			packageProductDependencies = (
			);
			productName = weatherlyTests;
			productReference = 5FDA0BBC2E944595000DEE8F /* weatherlyTests.xctest */;
			productType = "com.apple.product-type.bundle.unit-test";
		};
		5FDA0BC52E944595000DEE8F /* weatherlyUITests */ = {
			isa = PBXNativeTarget;
			buildConfigurationList = 5FDA0BD62E944595000DEE8F /* Build configuration list for PBXNativeTarget "weatherlyUITests" */;
			buildPhases = (
				5FDA0BC22E944595000DEE8F /* Sources */,
				5FDA0BC32E944595000DEE8F /* Frameworks */,
				5FDA0BC42E944595000DEE8F /* Resources */,
			);
			buildRules = (
			);
			dependencies = (
				5FDA0BC82E944595000DEE8F /* PBXTargetDependency */,
			);
			fileSystemSynchronizedGroups = (
				5FDA0BC92E944595000DEE8F /* weatherlyUITests */,
			);
			name = weatherlyUITests;
			packageProductDependencies = (
			);
			productName = weatherlyUITests;
			productReference = 5FDA0BC62E944595000DEE8F /* weatherlyUITests.xctest */;
			productType = "com.apple.product-type.bundle.ui-testing";
		};
/* End PBXNativeTarget section */

/* Begin PBXProject section */
		5FDA0BA42E944593000DEE8F /* Project object */ = {
			isa = PBXProject;
			attributes = {
				BuildIndependentTargetsInParallel = 1;
				LastSwiftUpdateCheck = 1620;
				LastUpgradeCheck = 1620;
				TargetAttributes = {
					5FDA0BAB2E944593000DEE8F = {
						CreatedOnToolsVersion = 16.2;
					};
					5FDA0BBB2E944595000DEE8F = {
						CreatedOnToolsVersion = 16.2;
						TestTargetID = 5FDA0BAB2E944593000DEE8F;
					};
					5FDA0BC52E944595000DEE8F = {
						CreatedOnToolsVersion = 16.2;
						TestTargetID = 5FDA0BAB2E944593000DEE8F;
					};
				};
			};
			buildConfigurationList = 5FDA0BA72E944593000DEE8F /* Build configuration list for PBXProject "weatherly" */;
			developmentRegion = en;
			hasScannedForEncodings = 0;
			knownRegions = (
				en,
				Base,
			);
			mainGroup = 5FDA0BA32E944593000DEE8F;
			minimizedProjectReferenceProxies = 1;
			packageReferences = (
				DA9115D22E9F9BCD004647ED /* XCRemoteSwiftPackageReference "ResponseDetective" */,
			);
			preferredProjectObjectVersion = 77;
			productRefGroup = 5FDA0BAD2E944593000DEE8F /* Products */;
			projectDirPath = "";
			projectRoot = "";
			targets = (
				5FDA0BAB2E944593000DEE8F /* weatherly */,
				5FDA0BBB2E944595000DEE8F /* weatherlyTests */,
				5FDA0BC52E944595000DEE8F /* weatherlyUITests */,
			);
		};
/* End PBXProject section */

/* Begin PBXResourcesBuildPhase section */
		5FDA0BAA2E944593000DEE8F /* Resources */ = {
			isa = PBXResourcesBuildPhase;
			buildActionMask = 2147483647;
			files = (
			);
			runOnlyForDeploymentPostprocessing = 0;
		};
		5FDA0BBA2E944595000DEE8F /* Resources */ = {
			isa = PBXResourcesBuildPhase;
			buildActionMask = 2147483647;
			files = (
			);
			runOnlyForDeploymentPostprocessing = 0;
		};
		5FDA0BC42E944595000DEE8F /* Resources */ = {
			isa = PBXResourcesBuildPhase;
			buildActionMask = 2147483647;
			files = (
			);
			runOnlyForDeploymentPostprocessing = 0;
		};
/* End PBXResourcesBuildPhase section */

/* Begin PBXSourcesBuildPhase section */
		5FDA0BA82E944593000DEE8F /* Sources */ = {
			isa = PBXSourcesBuildPhase;
			buildActionMask = 2147483647;
			files = (
			);
			runOnlyForDeploymentPostprocessing = 0;
		};
		5FDA0BB82E944595000DEE8F /* Sources */ = {
			isa = PBXSourcesBuildPhase;
			buildActionMask = 2147483647;
			files = (
			);
			runOnlyForDeploymentPostprocessing = 0;
		};
		5FDA0BC22E944595000DEE8F /* Sources */ = {
			isa = PBXSourcesBuildPhase;
			buildActionMask = 2147483647;
			files = (
			);
			runOnlyForDeploymentPostprocessing = 0;
		};
/* End PBXSourcesBuildPhase section */

/* Begin PBXTargetDependency section */
		5FDA0BBE2E944595000DEE8F /* PBXTargetDependency */ = {
			isa = PBXTargetDependency;
			target = 5FDA0BAB2E944593000DEE8F /* weatherly */;
			targetProxy = 5FDA0BBD2E944595000DEE8F /* PBXContainerItemProxy */;
		};
		5FDA0BC82E944595000DEE8F /* PBXTargetDependency */ = {
			isa = PBXTargetDependency;
			target = 5FDA0BAB2E944593000DEE8F /* weatherly */;
			targetProxy = 5FDA0BC72E944595000DEE8F /* PBXContainerItemProxy */;
		};
/* End PBXTargetDependency section */

/* Begin XCBuildConfiguration section */
		5FDA0BCE2E944595000DEE8F /* Debug */ = {
			isa = XCBuildConfiguration;
			buildSettings = {
				ALWAYS_SEARCH_USER_PATHS = NO;
				ASSETCATALOG_COMPILER_GENERATE_SWIFT_ASSET_SYMBOL_EXTENSIONS = YES;
				CLANG_ANALYZER_NONNULL = YES;
				CLANG_ANALYZER_NUMBER_OBJECT_CONVERSION = YES_AGGRESSIVE;
				CLANG_CXX_LANGUAGE_STANDARD = "gnu++20";
				CLANG_ENABLE_MODULES = YES;
				CLANG_ENABLE_OBJC_ARC = YES;
				CLANG_ENABLE_OBJC_WEAK = YES;
				CLANG_WARN_BLOCK_CAPTURE_AUTORELEASING = YES;
				CLANG_WARN_BOOL_CONVERSION = YES;
				CLANG_WARN_COMMA = YES;
				CLANG_WARN_CONSTANT_CONVERSION = YES;
				CLANG_WARN_DEPRECATED_OBJC_IMPLEMENTATIONS = YES;
				CLANG_WARN_DIRECT_OBJC_ISA_USAGE = YES_ERROR;
				CLANG_WARN_DOCUMENTATION_COMMENTS = YES;
				CLANG_WARN_EMPTY_BODY = YES;
				CLANG_WARN_ENUM_CONVERSION = YES;
				CLANG_WARN_INFINITE_RECURSION = YES;
				CLANG_WARN_INT_CONVERSION = YES;
				CLANG_WARN_NON_LITERAL_NULL_CONVERSION = YES;
				CLANG_WARN_OBJC_IMPLICIT_RETAIN_SELF = YES;
				CLANG_WARN_OBJC_LITERAL_CONVERSION = YES;
				CLANG_WARN_OBJC_ROOT_CLASS = YES_ERROR;
				CLANG_WARN_QUOTED_INCLUDE_IN_FRAMEWORK_HEADER = YES;
				CLANG_WARN_RANGE_LOOP_ANALYSIS = YES;
				CLANG_WARN_STRICT_PROTOTYPES = YES;
				CLANG_WARN_SUSPICIOUS_MOVE = YES;
				CLANG_WARN_UNGUARDED_AVAILABILITY = YES_AGGRESSIVE;
				CLANG_WARN_UNREACHABLE_CODE = YES;
				CLANG_WARN__DUPLICATE_METHOD_MATCH = YES;
				COPY_PHASE_STRIP = NO;
				DEBUG_INFORMATION_FORMAT = dwarf;
				ENABLE_STRICT_OBJC_MSGSEND = YES;
				ENABLE_TESTABILITY = YES;
				ENABLE_USER_SCRIPT_SANDBOXING = YES;
				GCC_C_LANGUAGE_STANDARD = gnu17;
				GCC_DYNAMIC_NO_PIC = NO;
				GCC_NO_COMMON_BLOCKS = YES;
				GCC_OPTIMIZATION_LEVEL = 0;
				GCC_PREPROCESSOR_DEFINITIONS = (
					"DEBUG=1",
					"$(inherited)",
				);
				GCC_WARN_64_TO_32_BIT_CONVERSION = YES;
				GCC_WARN_ABOUT_RETURN_TYPE = YES_ERROR;
				GCC_WARN_UNDECLARED_SELECTOR = YES;
				GCC_WARN_UNINITIALIZED_AUTOS = YES_AGGRESSIVE;
				GCC_WARN_UNUSED_FUNCTION = YES;
				GCC_WARN_UNUSED_VARIABLE = YES;
				IPHONEOS_DEPLOYMENT_TARGET = 18.2;
				LOCALIZATION_PREFERS_STRING_CATALOGS = YES;
				MTL_ENABLE_DEBUG_INFO = INCLUDE_SOURCE;
				MTL_FAST_MATH = YES;
				ONLY_ACTIVE_ARCH = YES;
				SDKROOT = iphoneos;
				SWIFT_ACTIVE_COMPILATION_CONDITIONS = "DEBUG $(inherited)";
				SWIFT_OPTIMIZATION_LEVEL = "-Onone";
			};
			name = Debug;
		};
		5FDA0BCF2E944595000DEE8F /* Release */ = {
			isa = XCBuildConfiguration;
			buildSettings = {
				ALWAYS_SEARCH_USER_PATHS = NO;
				ASSETCATALOG_COMPILER_GENERATE_SWIFT_ASSET_SYMBOL_EXTENSIONS = YES;
				CLANG_ANALYZER_NONNULL = YES;
				CLANG_ANALYZER_NUMBER_OBJECT_CONVERSION = YES_AGGRESSIVE;
				CLANG_CXX_LANGUAGE_STANDARD = "gnu++20";
				CLANG_ENABLE_MODULES = YES;
				CLANG_ENABLE_OBJC_ARC = YES;
				CLANG_ENABLE_OBJC_WEAK = YES;
				CLANG_WARN_BLOCK_CAPTURE_AUTORELEASING = YES;
				CLANG_WARN_BOOL_CONVERSION = YES;
				CLANG_WARN_COMMA = YES;
				CLANG_WARN_CONSTANT_CONVERSION = YES;
				CLANG_WARN_DEPRECATED_OBJC_IMPLEMENTATIONS = YES;
				CLANG_WARN_DIRECT_OBJC_ISA_USAGE = YES_ERROR;
				CLANG_WARN_DOCUMENTATION_COMMENTS = YES;
				CLANG_WARN_EMPTY_BODY = YES;
				CLANG_WARN_ENUM_CONVERSION = YES;
				CLANG_WARN_INFINITE_RECURSION = YES;
				CLANG_WARN_INT_CONVERSION = YES;
				CLANG_WARN_NON_LITERAL_NULL_CONVERSION = YES;
				CLANG_WARN_OBJC_IMPLICIT_RETAIN_SELF = YES;
				CLANG_WARN_OBJC_LITERAL_CONVERSION = YES;
				CLANG_WARN_OBJC_ROOT_CLASS = YES_ERROR;
				CLANG_WARN_QUOTED_INCLUDE_IN_FRAMEWORK_HEADER = YES;
				CLANG_WARN_RANGE_LOOP_ANALYSIS = YES;
				CLANG_WARN_STRICT_PROTOTYPES = YES;
				CLANG_WARN_SUSPICIOUS_MOVE = YES;
				CLANG_WARN_UNGUARDED_AVAILABILITY = YES_AGGRESSIVE;
				CLANG_WARN_UNREACHABLE_CODE = YES;
				CLANG_WARN__DUPLICATE_METHOD_MATCH = YES;
				COPY_PHASE_STRIP = NO;
				DEBUG_INFORMATION_FORMAT = "dwarf-with-dsym";
				ENABLE_NS_ASSERTIONS = NO;
				ENABLE_STRICT_OBJC_MSGSEND = YES;
				ENABLE_USER_SCRIPT_SANDBOXING = YES;
				GCC_C_LANGUAGE_STANDARD = gnu17;
				GCC_NO_COMMON_BLOCKS = YES;
				GCC_WARN_64_TO_32_BIT_CONVERSION = YES;
				GCC_WARN_ABOUT_RETURN_TYPE = YES_ERROR;
				GCC_WARN_UNDECLARED_SELECTOR = YES;
				GCC_WARN_UNINITIALIZED_AUTOS = YES_AGGRESSIVE;
				GCC_WARN_UNUSED_FUNCTION = YES;
				GCC_WARN_UNUSED_VARIABLE = YES;
				IPHONEOS_DEPLOYMENT_TARGET = 18.2;
				LOCALIZATION_PREFERS_STRING_CATALOGS = YES;
				MTL_ENABLE_DEBUG_INFO = NO;
				MTL_FAST_MATH = YES;
				SDKROOT = iphoneos;
				SWIFT_COMPILATION_MODE = wholemodule;
				VALIDATE_PRODUCT = YES;
			};
			name = Release;
		};
		5FDA0BD12E944595000DEE8F /* Debug */ = {
			isa = XCBuildConfiguration;
			buildSettings = {
				ASSETCATALOG_COMPILER_APPICON_NAME = AppIcon;
				ASSETCATALOG_COMPILER_GLOBAL_ACCENT_COLOR_NAME = AccentColor;
				CODE_SIGN_STYLE = Automatic;
				CURRENT_PROJECT_VERSION = 1;
				DEVELOPMENT_ASSET_PATHS = "\"weatherly/Preview Content\"";
				ENABLE_PREVIEWS = YES;
				GENERATE_INFOPLIST_FILE = YES;
				INFOPLIST_KEY_UIApplicationSceneManifest_Generation = YES;
				INFOPLIST_KEY_UIApplicationSupportsIndirectInputEvents = YES;
				INFOPLIST_KEY_UILaunchScreen_Generation = YES;
				INFOPLIST_KEY_UISupportedInterfaceOrientations_iPad = "UIInterfaceOrientationPortrait UIInterfaceOrientationPortraitUpsideDown UIInterfaceOrientationLandscapeLeft UIInterfaceOrientationLandscapeRight";
				INFOPLIST_KEY_UISupportedInterfaceOrientations_iPhone = "UIInterfaceOrientationPortrait UIInterfaceOrientationLandscapeLeft UIInterfaceOrientationLandscapeRight";
				LD_RUNPATH_SEARCH_PATHS = (
					"$(inherited)",
					"@executable_path/Frameworks",
				);
				MARKETING_VERSION = 1.0;
				PRODUCT_BUNDLE_IDENTIFIER = com.louafi.weatherly;
				PRODUCT_NAME = "$(TARGET_NAME)";
				SWIFT_EMIT_LOC_STRINGS = YES;
				SWIFT_VERSION = 6.0;
				TARGETED_DEVICE_FAMILY = "1,2";
			};
			name = Debug;
		};
		5FDA0BD22E944595000DEE8F /* Release */ = {
			isa = XCBuildConfiguration;
			buildSettings = {
				ASSETCATALOG_COMPILER_APPICON_NAME = AppIcon;
				ASSETCATALOG_COMPILER_GLOBAL_ACCENT_COLOR_NAME = AccentColor;
				CODE_SIGN_STYLE = Automatic;
				CURRENT_PROJECT_VERSION = 1;
				DEVELOPMENT_ASSET_PATHS = "\"weatherly/Preview Content\"";
				ENABLE_PREVIEWS = YES;
				GENERATE_INFOPLIST_FILE = YES;
				INFOPLIST_KEY_UIApplicationSceneManifest_Generation = YES;
				INFOPLIST_KEY_UIApplicationSupportsIndirectInputEvents = YES;
				INFOPLIST_KEY_UILaunchScreen_Generation = YES;
				INFOPLIST_KEY_UISupportedInterfaceOrientations_iPad = "UIInterfaceOrientationPortrait UIInterfaceOrientationPortraitUpsideDown UIInterfaceOrientationLandscapeLeft UIInterfaceOrientationLandscapeRight";
				INFOPLIST_KEY_UISupportedInterfaceOrientations_iPhone = "UIInterfaceOrientationPortrait UIInterfaceOrientationLandscapeLeft UIInterfaceOrientationLandscapeRight";
				LD_RUNPATH_SEARCH_PATHS = (
					"$(inherited)",
					"@executable_path/Frameworks",
				);
				MARKETING_VERSION = 1.0;
				PRODUCT_BUNDLE_IDENTIFIER = com.louafi.weatherly;
				PRODUCT_NAME = "$(TARGET_NAME)";
				SWIFT_EMIT_LOC_STRINGS = YES;
				SWIFT_VERSION = 6.0;
				TARGETED_DEVICE_FAMILY = "1,2";
			};
			name = Release;
		};
		5FDA0BD42E944595000DEE8F /* Debug */ = {
			isa = XCBuildConfiguration;
			buildSettings = {
				BUNDLE_LOADER = "$(TEST_HOST)";
				CODE_SIGN_STYLE = Automatic;
				CURRENT_PROJECT_VERSION = 1;
				GENERATE_INFOPLIST_FILE = YES;
				IPHONEOS_DEPLOYMENT_TARGET = 18.2;
				MARKETING_VERSION = 1.0;
				PRODUCT_BUNDLE_IDENTIFIER = com.louafi.weatherlyTests;
				PRODUCT_NAME = "$(TARGET_NAME)";
				SWIFT_EMIT_LOC_STRINGS = NO;
				SWIFT_VERSION = 5.0;
				TARGETED_DEVICE_FAMILY = "1,2";
				TEST_HOST = "$(BUILT_PRODUCTS_DIR)/weatherly.app/$(BUNDLE_EXECUTABLE_FOLDER_PATH)/weatherly";
			};
			name = Debug;
		};
		5FDA0BD52E944595000DEE8F /* Release */ = {
			isa = XCBuildConfiguration;
			buildSettings = {
				BUNDLE_LOADER = "$(TEST_HOST)";
				CODE_SIGN_STYLE = Automatic;
				CURRENT_PROJECT_VERSION = 1;
				GENERATE_INFOPLIST_FILE = YES;
				IPHONEOS_DEPLOYMENT_TARGET = 18.2;
				MARKETING_VERSION = 1.0;
				PRODUCT_BUNDLE_IDENTIFIER = com.louafi.weatherlyTests;
				PRODUCT_NAME = "$(TARGET_NAME)";
				SWIFT_EMIT_LOC_STRINGS = NO;
				SWIFT_VERSION = 5.0;
				TARGETED_DEVICE_FAMILY = "1,2";
				TEST_HOST = "$(BUILT_PRODUCTS_DIR)/weatherly.app/$(BUNDLE_EXECUTABLE_FOLDER_PATH)/weatherly";
			};
			name = Release;
		};
		5FDA0BD72E944595000DEE8F /* Debug */ = {
			isa = XCBuildConfiguration;
			buildSettings = {
				CODE_SIGN_STYLE = Automatic;
				CURRENT_PROJECT_VERSION = 1;
				GENERATE_INFOPLIST_FILE = YES;
				MARKETING_VERSION = 1.0;
				PRODUCT_BUNDLE_IDENTIFIER = com.louafi.weatherlyUITests;
				PRODUCT_NAME = "$(TARGET_NAME)";
				SWIFT_EMIT_LOC_STRINGS = NO;
				SWIFT_VERSION = 5.0;
				TARGETED_DEVICE_FAMILY = "1,2";
				TEST_TARGET_NAME = weatherly;
			};
			name = Debug;
		};
		5FDA0BD82E944595000DEE8F /* Release */ = {
			isa = XCBuildConfiguration;
			buildSettings = {
				CODE_SIGN_STYLE = Automatic;
				CURRENT_PROJECT_VERSION = 1;
				GENERATE_INFOPLIST_FILE = YES;
				MARKETING_VERSION = 1.0;
				PRODUCT_BUNDLE_IDENTIFIER = com.louafi.weatherlyUITests;
				PRODUCT_NAME = "$(TARGET_NAME)";
				SWIFT_EMIT_LOC_STRINGS = NO;
				SWIFT_VERSION = 5.0;
				TARGETED_DEVICE_FAMILY = "1,2";
				TEST_TARGET_NAME = weatherly;
			};
			name = Release;
		};
/* End XCBuildConfiguration section */

/* Begin XCConfigurationList section */
		5FDA0BA72E944593000DEE8F /* Build configuration list for PBXProject "weatherly" */ = {
			isa = XCConfigurationList;
			buildConfigurations = (
				5FDA0BCE2E944595000DEE8F /* Debug */,
				5FDA0BCF2E944595000DEE8F /* Release */,
			);
			defaultConfigurationIsVisible = 0;
			defaultConfigurationName = Release;
		};
		5FDA0BD02E944595000DEE8F /* Build configuration list for PBXNativeTarget "weatherly" */ = {
			isa = XCConfigurationList;
			buildConfigurations = (
				5FDA0BD12E944595000DEE8F /* Debug */,
				5FDA0BD22E944595000DEE8F /* Release */,
			);
			defaultConfigurationIsVisible = 0;
			defaultConfigurationName = Release;
		};
		5FDA0BD32E944595000DEE8F /* Build configuration list for PBXNativeTarget "weatherlyTests" */ = {
			isa = XCConfigurationList;
			buildConfigurations = (
				5FDA0BD42E944595000DEE8F /* Debug */,
				5FDA0BD52E944595000DEE8F /* Release */,
			);
			defaultConfigurationIsVisible = 0;
			defaultConfigurationName = Release;
		};
		5FDA0BD62E944595000DEE8F /* Build configuration list for PBXNativeTarget "weatherlyUITests" */ = {
			isa = XCConfigurationList;
			buildConfigurations = (
				5FDA0BD72E944595000DEE8F /* Debug */,
				5FDA0BD82E944595000DEE8F /* Release */,
			);
			defaultConfigurationIsVisible = 0;
			defaultConfigurationName = Release;
		};
/* End XCConfigurationList section */

/* Begin XCRemoteSwiftPackageReference section */
		DA9115D22E9F9BCD004647ED /* XCRemoteSwiftPackageReference "ResponseDetective" */ = {
			isa = XCRemoteSwiftPackageReference;
			repositoryURL = "https://github.com/netguru/ResponseDetective";
			requirement = {
				kind = upToNextMajorVersion;
				minimumVersion = 1.5.1;
			};
		};
/* End XCRemoteSwiftPackageReference section */

/* Begin XCSwiftPackageProductDependency section */
		DA9115D32E9F9BCD004647ED /* ResponseDetective */ = {
			isa = XCSwiftPackageProductDependency;
			package = DA9115D22E9F9BCD004647ED /* XCRemoteSwiftPackageReference "ResponseDetective" */;
			productName = ResponseDetective;
		};
/* End XCSwiftPackageProductDependency section */
	};
	rootObject = 5FDA0BA42E944593000DEE8F /* Project object */;
}
